
Microsoft Visual Studio Solution File, Format Version 12.00
# Visual Studio Version 16
VisualStudioVersion = 16.0.30225.117
MinimumVisualStudioVersion = 10.0.40219.1
Project("{FAE04EC0-301F-11D3-BF4B-00C04F79EFBC}") = "PointDocuments", "PointDocuments\PointDocuments.csproj", "{DB3157AC-53E6-4221-BC91-707D45C4B381}"
EndProject
Global
	GlobalSection(SolutionConfigurationPlatforms) = preSolution
		Debug|Any CPU = Debug|Any CPU
		Release|Any CPU = Release|Any CPU
	EndGlobalSection
	GlobalSection(ProjectConfigurationPlatforms) = postSolution
		{DB3157AC-53E6-4221-BC91-707D45C4B381}.Debug|Any CPU.ActiveCfg = Debug|Any CPU
		{DB3157AC-53E6-4221-BC91-707D45C4B381}.Debug|Any CPU.Build.0 = Debug|Any CPU
		{DB3157AC-53E6-4221-BC91-707D45C4B381}.Release|Any CPU.ActiveCfg = Release|Any CPU
		{DB3157AC-53E6-4221-BC91-707D45C4B381}.Release|Any CPU.Build.0 = Release|Any CPU
	EndGlobalSection
	GlobalSection(SolutionProperties) = preSolution
		HideSolutionNode = FALSE
	EndGlobalSection
	GlobalSection(ExtensibilityGlobals) = postSolution
		SolutionGuid = {8EBBBED4-6565-4037-9825-F60EC6DFB01F}
	EndGlobalSection
EndGlobal
